Microsoft Visual Studio Solution File, Format Version 12.00
# Visual Studio 2012
Project("{8BC9CEB8-8B4A-11D0-8D11-00A0C91BC942}") = "ALL_BUILD", "ALL_BUILD.vcxproj", "{B6C8AAFB-F31B-4111-A0C1-2A991B5DAD53}"
	ProjectSection(ProjectDependencies) = postProject
		{B9944EA7-6C24-494C-9572-54E79E4B8F6A} = {B9944EA7-6C24-494C-9572-54E79E4B8F6A}
		{08FE8BB2-2181-4425-AB23-09943F44A3C6} = {08FE8BB2-2181-4425-AB23-09943F44A3C6}
		{C485975D-CF39-4C27-868C-92C56FD73FAA} = {C485975D-CF39-4C27-868C-92C56FD73FAA}
		{532EC188-D6FE-4EA9-AD01-07C81B6A186B} = {532EC188-D6FE-4EA9-AD01-07C81B6A186B}
		{4B1FA363-3768-45B0-8082-05D62B3B2413} = {4B1FA363-3768-45B0-8082-05D62B3B2413}
		{11C3F538-35E0-48DB-91C2-6107A2B51FFF} = {11C3F538-35E0-48DB-91C2-6107A2B51FFF}
		{12A56471-A923-4913-9701-B652B27C9F13} = {12A56471-A923-4913-9701-B652B27C9F13}
		{306F36F1-DB45-4AA4-A945-1E6207D46D6F} = {306F36F1-DB45-4AA4-A945-1E6207D46D6F}
		{F5356420-9BEB-436C-9A0B-0D97761C362F} = {F5356420-9BEB-436C-9A0B-0D97761C362F}
		{31F454ED-5335-46E0-AE3F-12EEE6DFC9BA} = {31F454ED-5335-46E0-AE3F-12EEE6DFC9BA}
		{A82096D9-FC8D-41CF-B0E5-004D4818BF51} = {A82096D9-FC8D-41CF-B0E5-004D4818BF51}
		{CC2F914D-0644-4C7B-9FF7-A4D8303D9224} = {CC2F914D-0644-4C7B-9FF7-A4D8303D9224}
		{AB55F3B2-98AC-4475-904D-A6C0511DF52C} = {AB55F3B2-98AC-4475-904D-A6C0511DF52C}
		{AD7A5752-CD36-4478-AF32-A1E837DF529A} = {AD7A5752-CD36-4478-AF32-A1E837DF529A}
		{83E3675D-5BF9-4BCD-A518-77CFE4589AB0} = {83E3675D-5BF9-4BCD-A518-77CFE4589AB0}
	EndProjectSection
EndProject
Project("{8BC9CEB8-8B4A-11D0-8D11-00A0C91BC942}") = "ZERO_CHECK", "ZERO_CHECK.vcxproj", "{B9944EA7-6C24-494C-9572-54E79E4B8F6A}"
	ProjectSection(ProjectDependencies) = postProject
	EndProjectSection
EndProject
Project("{8BC9CEB8-8B4A-11D0-8D11-00A0C91BC942}") = "adding_handles_3", "adding_handles_3.vcxproj", "{08FE8BB2-2181-4425-AB23-09943F44A3C6}"
	ProjectSection(ProjectDependencies) = postProject
		{B9944EA7-6C24-494C-9572-54E79E4B8F6A} = {B9944EA7-6C24-494C-9572-54E79E4B8F6A}
	EndProjectSection
EndProject
Project("{8BC9CEB8-8B4A-11D0-8D11-00A0C91BC942}") = "color", "color.vcxproj", "{C485975D-CF39-4C27-868C-92C56FD73FAA}"
	ProjectSection(ProjectDependencies) = postProject
		{B9944EA7-6C24-494C-9572-54E79E4B8F6A} = {B9944EA7-6C24-494C-9572-54E79E4B8F6A}
	EndProjectSection
EndProject
Project("{8BC9CEB8-8B4A-11D0-8D11-00A0C91BC942}") = "copy_triangulation_3", "copy_triangulation_3.vcxproj", "{532EC188-D6FE-4EA9-AD01-07C81B6A186B}"
	ProjectSection(ProjectDependencies) = postProject
		{B9944EA7-6C24-494C-9572-54E79E4B8F6A} = {B9944EA7-6C24-494C-9572-54E79E4B8F6A}
	EndProjectSection
EndProject
Project("{8BC9CEB8-8B4A-11D0-8D11-00A0C91BC942}") = "fast_location_3", "fast_location_3.vcxproj", "{4B1FA363-3768-45B0-8082-05D62B3B2413}"
	ProjectSection(ProjectDependencies) = postProject
		{B9944EA7-6C24-494C-9572-54E79E4B8F6A} = {B9944EA7-6C24-494C-9572-54E79E4B8F6A}
	EndProjectSection
EndProject
Project("{8BC9CEB8-8B4A-11D0-8D11-00A0C91BC942}") = "find_conflicts_3", "find_conflicts_3.vcxproj", "{11C3F538-35E0-48DB-91C2-6107A2B51FFF}"
	ProjectSection(ProjectDependencies) = postProject
		{B9944EA7-6C24-494C-9572-54E79E4B8F6A} = {B9944EA7-6C24-494C-9572-54E79E4B8F6A}
	EndProjectSection
EndProject
Project("{8BC9CEB8-8B4A-11D0-8D11-00A0C91BC942}") = "info_insert_with_pair_iterator", "info_insert_with_pair_iterator.vcxproj", "{12A56471-A923-4913-9701-B652B27C9F13}"
	ProjectSection(ProjectDependencies) = postProject
		{B9944EA7-6C24-494C-9572-54E79E4B8F6A} = {B9944EA7-6C24-494C-9572-54E79E4B8F6A}
	EndProjectSection
EndProject
Project("{8BC9CEB8-8B4A-11D0-8D11-00A0C91BC942}") = "info_insert_with_pair_iterator_regular", "info_insert_with_pair_iterator_regular.vcxproj", "{306F36F1-DB45-4AA4-A945-1E6207D46D6F}"
	ProjectSection(ProjectDependencies) = postProject
		{B9944EA7-6C24-494C-9572-54E79E4B8F6A} = {B9944EA7-6C24-494C-9572-54E79E4B8F6A}
	EndProjectSection
EndProject
Project("{8BC9CEB8-8B4A-11D0-8D11-00A0C91BC942}") = "info_insert_with_transform_iterator", "info_insert_with_transform_iterator.vcxproj", "{F5356420-9BEB-436C-9A0B-0D97761C362F}"
	ProjectSection(ProjectDependencies) = postProject
		{B9944EA7-6C24-494C-9572-54E79E4B8F6A} = {B9944EA7-6C24-494C-9572-54E79E4B8F6A}
	EndProjectSection
EndProject
Project("{8BC9CEB8-8B4A-11D0-8D11-00A0C91BC942}") = "info_insert_with_zip_iterator", "info_insert_with_zip_iterator.vcxproj", "{31F454ED-5335-46E0-AE3F-12EEE6DFC9BA}"
	ProjectSection(ProjectDependencies) = postProject
		{B9944EA7-6C24-494C-9572-54E79E4B8F6A} = {B9944EA7-6C24-494C-9572-54E79E4B8F6A}
	EndProjectSection
EndProject
Project("{8BC9CEB8-8B4A-11D0-8D11-00A0C91BC942}") = "linking_2d_and_3d", "linking_2d_and_3d.vcxproj", "{A82096D9-FC8D-41CF-B0E5-004D4818BF51}"
	ProjectSection(ProjectDependencies) = postProject
		{B9944EA7-6C24-494C-9572-54E79E4B8F6A} = {B9944EA7-6C24-494C-9572-54E79E4B8F6A}
	EndProjectSection
EndProject
Project("{8BC9CEB8-8B4A-11D0-8D11-00A0C91BC942}") = "regular_3", "regular_3.vcxproj", "{CC2F914D-0644-4C7B-9FF7-A4D8303D9224}"
	ProjectSection(ProjectDependencies) = postProject
		{B9944EA7-6C24-494C-9572-54E79E4B8F6A} = {B9944EA7-6C24-494C-9572-54E79E4B8F6A}
	EndProjectSection
EndProject
Project("{8BC9CEB8-8B4A-11D0-8D11-00A0C91BC942}") = "simple_triangulation_3", "simple_triangulation_3.vcxproj", "{AB55F3B2-98AC-4475-904D-A6C0511DF52C}"
	ProjectSection(ProjectDependencies) = postProject
		{B9944EA7-6C24-494C-9572-54E79E4B8F6A} = {B9944EA7-6C24-494C-9572-54E79E4B8F6A}
	EndProjectSection
EndProject
Project("{8BC9CEB8-8B4A-11D0-8D11-00A0C91BC942}") = "simplex", "simplex.vcxproj", "{AD7A5752-CD36-4478-AF32-A1E837DF529A}"
	ProjectSection(ProjectDependencies) = postProject
		{B9944EA7-6C24-494C-9572-54E79E4B8F6A} = {B9944EA7-6C24-494C-9572-54E79E4B8F6A}
	EndProjectSection
EndProject
Project("{8BC9CEB8-8B4A-11D0-8D11-00A0C91BC942}") = "tds", "tds.vcxproj", "{83E3675D-5BF9-4BCD-A518-77CFE4589AB0}"
	ProjectSection(ProjectDependencies) = postProject
		{B9944EA7-6C24-494C-9572-54E79E4B8F6A} = {B9944EA7-6C24-494C-9572-54E79E4B8F6A}
	EndProjectSection
EndProject
Global
	GlobalSection(SolutionConfigurationPlatforms) = preSolution
		Debug|Win32 = Debug|Win32
		Release|Win32 = Release|Win32
		MinSizeRel|Win32 = MinSizeRel|Win32
		RelWithDebInfo|Win32 = RelWithDebInfo|Win32
	EndGlobalSection
	GlobalSection(ProjectConfigurationPlatforms) = postSolution
		{B6C8AAFB-F31B-4111-A0C1-2A991B5DAD53}.Debug|Win32.ActiveCfg = Debug|Win32
		{B6C8AAFB-F31B-4111-A0C1-2A991B5DAD53}.Release|Win32.ActiveCfg = Release|Win32
		{B6C8AAFB-F31B-4111-A0C1-2A991B5DAD53}.MinSizeRel|Win32.ActiveCfg = MinSizeRel|Win32
		{B6C8AAFB-F31B-4111-A0C1-2A991B5DAD53}.RelWithDebInfo|Win32.ActiveCfg = RelWithDebInfo|Win32
		{B9944EA7-6C24-494C-9572-54E79E4B8F6A}.Debug|Win32.ActiveCfg = Debug|Win32
		{B9944EA7-6C24-494C-9572-54E79E4B8F6A}.Debug|Win32.Build.0 = Debug|Win32
		{B9944EA7-6C24-494C-9572-54E79E4B8F6A}.Release|Win32.ActiveCfg = Release|Win32
		{B9944EA7-6C24-494C-9572-54E79E4B8F6A}.Release|Win32.Build.0 = Release|Win32
		{B9944EA7-6C24-494C-9572-54E79E4B8F6A}.MinSizeRel|Win32.ActiveCfg = MinSizeRel|Win32
		{B9944EA7-6C24-494C-9572-54E79E4B8F6A}.MinSizeRel|Win32.Build.0 = MinSizeRel|Win32
		{B9944EA7-6C24-494C-9572-54E79E4B8F6A}.RelWithDebInfo|Win32.ActiveCfg = RelWithDebInfo|Win32
		{B9944EA7-6C24-494C-9572-54E79E4B8F6A}.RelWithDebInfo|Win32.Build.0 = RelWithDebInfo|Win32
		{08FE8BB2-2181-4425-AB23-09943F44A3C6}.Debug|Win32.ActiveCfg = Debug|Win32
		{08FE8BB2-2181-4425-AB23-09943F44A3C6}.Debug|Win32.Build.0 = Debug|Win32
		{08FE8BB2-2181-4425-AB23-09943F44A3C6}.Release|Win32.ActiveCfg = Release|Win32
		{08FE8BB2-2181-4425-AB23-09943F44A3C6}.Release|Win32.Build.0 = Release|Win32
		{08FE8BB2-2181-4425-AB23-09943F44A3C6}.MinSizeRel|Win32.ActiveCfg = MinSizeRel|Win32
		{08FE8BB2-2181-4425-AB23-09943F44A3C6}.MinSizeRel|Win32.Build.0 = MinSizeRel|Win32
		{08FE8BB2-2181-4425-AB23-09943F44A3C6}.RelWithDebInfo|Win32.ActiveCfg = RelWithDebInfo|Win32
		{08FE8BB2-2181-4425-AB23-09943F44A3C6}.RelWithDebInfo|Win32.Build.0 = RelWithDebInfo|Win32
		{C485975D-CF39-4C27-868C-92C56FD73FAA}.Debug|Win32.ActiveCfg = Debug|Win32
		{C485975D-CF39-4C27-868C-92C56FD73FAA}.Debug|Win32.Build.0 = Debug|Win32
		{C485975D-CF39-4C27-868C-92C56FD73FAA}.Release|Win32.ActiveCfg = Release|Win32
		{C485975D-CF39-4C27-868C-92C56FD73FAA}.Release|Win32.Build.0 = Release|Win32
		{C485975D-CF39-4C27-868C-92C56FD73FAA}.MinSizeRel|Win32.ActiveCfg = MinSizeRel|Win32
		{C485975D-CF39-4C27-868C-92C56FD73FAA}.MinSizeRel|Win32.Build.0 = MinSizeRel|Win32
		{C485975D-CF39-4C27-868C-92C56FD73FAA}.RelWithDebInfo|Win32.ActiveCfg = RelWithDebInfo|Win32
		{C485975D-CF39-4C27-868C-92C56FD73FAA}.RelWithDebInfo|Win32.Build.0 = RelWithDebInfo|Win32
		{532EC188-D6FE-4EA9-AD01-07C81B6A186B}.Debug|Win32.ActiveCfg = Debug|Win32
		{532EC188-D6FE-4EA9-AD01-07C81B6A186B}.Debug|Win32.Build.0 = Debug|Win32
		{532EC188-D6FE-4EA9-AD01-07C81B6A186B}.Release|Win32.ActiveCfg = Release|Win32
		{532EC188-D6FE-4EA9-AD01-07C81B6A186B}.Release|Win32.Build.0 = Release|Win32
		{532EC188-D6FE-4EA9-AD01-07C81B6A186B}.MinSizeRel|Win32.ActiveCfg = MinSizeRel|Win32
		{532EC188-D6FE-4EA9-AD01-07C81B6A186B}.MinSizeRel|Win32.Build.0 = MinSizeRel|Win32
		{532EC188-D6FE-4EA9-AD01-07C81B6A186B}.RelWithDebInfo|Win32.ActiveCfg = RelWithDebInfo|Win32
		{532EC188-D6FE-4EA9-AD01-07C81B6A186B}.RelWithDebInfo|Win32.Build.0 = RelWithDebInfo|Win32
		{4B1FA363-3768-45B0-8082-05D62B3B2413}.Debug|Win32.ActiveCfg = Debug|Win32
		{4B1FA363-3768-45B0-8082-05D62B3B2413}.Debug|Win32.Build.0 = Debug|Win32
		{4B1FA363-3768-45B0-8082-05D62B3B2413}.Release|Win32.ActiveCfg = Release|Win32
		{4B1FA363-3768-45B0-8082-05D62B3B2413}.Release|Win32.Build.0 = Release|Win32
		{4B1FA363-3768-45B0-8082-05D62B3B2413}.MinSizeRel|Win32.ActiveCfg = MinSizeRel|Win32
		{4B1FA363-3768-45B0-8082-05D62B3B2413}.MinSizeRel|Win32.Build.0 = MinSizeRel|Win32
		{4B1FA363-3768-45B0-8082-05D62B3B2413}.RelWithDebInfo|Win32.ActiveCfg = RelWithDebInfo|Win32
		{4B1FA363-3768-45B0-8082-05D62B3B2413}.RelWithDebInfo|Win32.Build.0 = RelWithDebInfo|Win32
		{11C3F538-35E0-48DB-91C2-6107A2B51FFF}.Debug|Win32.ActiveCfg = Debug|Win32
		{11C3F538-35E0-48DB-91C2-6107A2B51FFF}.Debug|Win32.Build.0 = Debug|Win32
		{11C3F538-35E0-48DB-91C2-6107A2B51FFF}.Release|Win32.ActiveCfg = Release|Win32
		{11C3F538-35E0-48DB-91C2-6107A2B51FFF}.Release|Win32.Build.0 = Release|Win32
		{11C3F538-35E0-48DB-91C2-6107A2B51FFF}.MinSizeRel|Win32.ActiveCfg = MinSizeRel|Win32
		{11C3F538-35E0-48DB-91C2-6107A2B51FFF}.MinSizeRel|Win32.Build.0 = MinSizeRel|Win32
		{11C3F538-35E0-48DB-91C2-6107A2B51FFF}.RelWithDebInfo|Win32.ActiveCfg = RelWithDebInfo|Win32
		{11C3F538-35E0-48DB-91C2-6107A2B51FFF}.RelWithDebInfo|Win32.Build.0 = RelWithDebInfo|Win32
		{12A56471-A923-4913-9701-B652B27C9F13}.Debug|Win32.ActiveCfg = Debug|Win32
		{12A56471-A923-4913-9701-B652B27C9F13}.Debug|Win32.Build.0 = Debug|Win32
		{12A56471-A923-4913-9701-B652B27C9F13}.Release|Win32.ActiveCfg = Release|Win32
		{12A56471-A923-4913-9701-B652B27C9F13}.Release|Win32.Build.0 = Release|Win32
		{12A56471-A923-4913-9701-B652B27C9F13}.MinSizeRel|Win32.ActiveCfg = MinSizeRel|Win32
		{12A56471-A923-4913-9701-B652B27C9F13}.MinSizeRel|Win32.Build.0 = MinSizeRel|Win32
		{12A56471-A923-4913-9701-B652B27C9F13}.RelWithDebInfo|Win32.ActiveCfg = RelWithDebInfo|Win32
		{12A56471-A923-4913-9701-B652B27C9F13}.RelWithDebInfo|Win32.Build.0 = RelWithDebInfo|Win32
		{306F36F1-DB45-4AA4-A945-1E6207D46D6F}.Debug|Win32.ActiveCfg = Debug|Win32
		{306F36F1-DB45-4AA4-A945-1E6207D46D6F}.Debug|Win32.Build.0 = Debug|Win32
		{306F36F1-DB45-4AA4-A945-1E6207D46D6F}.Release|Win32.ActiveCfg = Release|Win32
		{306F36F1-DB45-4AA4-A945-1E6207D46D6F}.Release|Win32.Build.0 = Release|Win32
		{306F36F1-DB45-4AA4-A945-1E6207D46D6F}.MinSizeRel|Win32.ActiveCfg = MinSizeRel|Win32
		{306F36F1-DB45-4AA4-A945-1E6207D46D6F}.MinSizeRel|Win32.Build.0 = MinSizeRel|Win32
		{306F36F1-DB45-4AA4-A945-1E6207D46D6F}.RelWithDebInfo|Win32.ActiveCfg = RelWithDebInfo|Win32
		{306F36F1-DB45-4AA4-A945-1E6207D46D6F}.RelWithDebInfo|Win32.Build.0 = RelWithDebInfo|Win32
		{F5356420-9BEB-436C-9A0B-0D97761C362F}.Debug|Win32.ActiveCfg = Debug|Win32
		{F5356420-9BEB-436C-9A0B-0D97761C362F}.Debug|Win32.Build.0 = Debug|Win32
		{F5356420-9BEB-436C-9A0B-0D97761C362F}.Release|Win32.ActiveCfg = Release|Win32
		{F5356420-9BEB-436C-9A0B-0D97761C362F}.Release|Win32.Build.0 = Release|Win32
		{F5356420-9BEB-436C-9A0B-0D97761C362F}.MinSizeRel|Win32.ActiveCfg = MinSizeRel|Win32
		{F5356420-9BEB-436C-9A0B-0D97761C362F}.MinSizeRel|Win32.Build.0 = MinSizeRel|Win32
		{F5356420-9BEB-436C-9A0B-0D97761C362F}.RelWithDebInfo|Win32.ActiveCfg = RelWithDebInfo|Win32
		{F5356420-9BEB-436C-9A0B-0D97761C362F}.RelWithDebInfo|Win32.Build.0 = RelWithDebInfo|Win32
		{31F454ED-5335-46E0-AE3F-12EEE6DFC9BA}.Debug|Win32.ActiveCfg = Debug|Win32
		{31F454ED-5335-46E0-AE3F-12EEE6DFC9BA}.Debug|Win32.Build.0 = Debug|Win32
		{31F454ED-5335-46E0-AE3F-12EEE6DFC9BA}.Release|Win32.ActiveCfg = Release|Win32
		{31F454ED-5335-46E0-AE3F-12EEE6DFC9BA}.Release|Win32.Build.0 = Release|Win32
		{31F454ED-5335-46E0-AE3F-12EEE6DFC9BA}.MinSizeRel|Win32.ActiveCfg = MinSizeRel|Win32
		{31F454ED-5335-46E0-AE3F-12EEE6DFC9BA}.MinSizeRel|Win32.Build.0 = MinSizeRel|Win32
		{31F454ED-5335-46E0-AE3F-12EEE6DFC9BA}.RelWithDebInfo|Win32.ActiveCfg = RelWithDebInfo|Win32
		{31F454ED-5335-46E0-AE3F-12EEE6DFC9BA}.RelWithDebInfo|Win32.Build.0 = RelWithDebInfo|Win32
		{A82096D9-FC8D-41CF-B0E5-004D4818BF51}.Debug|Win32.ActiveCfg = Debug|Win32
		{A82096D9-FC8D-41CF-B0E5-004D4818BF51}.Debug|Win32.Build.0 = Debug|Win32
		{A82096D9-FC8D-41CF-B0E5-004D4818BF51}.Release|Win32.ActiveCfg = Release|Win32
		{A82096D9-FC8D-41CF-B0E5-004D4818BF51}.Release|Win32.Build.0 = Release|Win32
		{A82096D9-FC8D-41CF-B0E5-004D4818BF51}.MinSizeRel|Win32.ActiveCfg = MinSizeRel|Win32
		{A82096D9-FC8D-41CF-B0E5-004D4818BF51}.MinSizeRel|Win32.Build.0 = MinSizeRel|Win32
		{A82096D9-FC8D-41CF-B0E5-004D4818BF51}.RelWithDebInfo|Win32.ActiveCfg = RelWithDebInfo|Win32
		{A82096D9-FC8D-41CF-B0E5-004D4818BF51}.RelWithDebInfo|Win32.Build.0 = RelWithDebInfo|Win32
		{CC2F914D-0644-4C7B-9FF7-A4D8303D9224}.Debug|Win32.ActiveCfg = Debug|Win32
		{CC2F914D-0644-4C7B-9FF7-A4D8303D9224}.Debug|Win32.Build.0 = Debug|Win32
		{CC2F914D-0644-4C7B-9FF7-A4D8303D9224}.Release|Win32.ActiveCfg = Release|Win32
		{CC2F914D-0644-4C7B-9FF7-A4D8303D9224}.Release|Win32.Build.0 = Release|Win32
		{CC2F914D-0644-4C7B-9FF7-A4D8303D9224}.MinSizeRel|Win32.ActiveCfg = MinSizeRel|Win32
		{CC2F914D-0644-4C7B-9FF7-A4D8303D9224}.MinSizeRel|Win32.Build.0 = MinSizeRel|Win32
		{CC2F914D-0644-4C7B-9FF7-A4D8303D9224}.RelWithDebInfo|Win32.ActiveCfg = RelWithDebInfo|Win32
		{CC2F914D-0644-4C7B-9FF7-A4D8303D9224}.RelWithDebInfo|Win32.Build.0 = RelWithDebInfo|Win32
		{AB55F3B2-98AC-4475-904D-A6C0511DF52C}.Debug|Win32.ActiveCfg = Debug|Win32
		{AB55F3B2-98AC-4475-904D-A6C0511DF52C}.Debug|Win32.Build.0 = Debug|Win32
		{AB55F3B2-98AC-4475-904D-A6C0511DF52C}.Release|Win32.ActiveCfg = Release|Win32
		{AB55F3B2-98AC-4475-904D-A6C0511DF52C}.Release|Win32.Build.0 = Release|Win32
		{AB55F3B2-98AC-4475-904D-A6C0511DF52C}.MinSizeRel|Win32.ActiveCfg = MinSizeRel|Win32
		{AB55F3B2-98AC-4475-904D-A6C0511DF52C}.MinSizeRel|Win32.Build.0 = MinSizeRel|Win32
		{AB55F3B2-98AC-4475-904D-A6C0511DF52C}.RelWithDebInfo|Win32.ActiveCfg = RelWithDebInfo|Win32
		{AB55F3B2-98AC-4475-904D-A6C0511DF52C}.RelWithDebInfo|Win32.Build.0 = RelWithDebInfo|Win32
		{AD7A5752-CD36-4478-AF32-A1E837DF529A}.Debug|Win32.ActiveCfg = Debug|Win32
		{AD7A5752-CD36-4478-AF32-A1E837DF529A}.Debug|Win32.Build.0 = Debug|Win32
		{AD7A5752-CD36-4478-AF32-A1E837DF529A}.Release|Win32.ActiveCfg = Release|Win32
		{AD7A5752-CD36-4478-AF32-A1E837DF529A}.Release|Win32.Build.0 = Release|Win32
		{AD7A5752-CD36-4478-AF32-A1E837DF529A}.MinSizeRel|Win32.ActiveCfg = MinSizeRel|Win32
		{AD7A5752-CD36-4478-AF32-A1E837DF529A}.MinSizeRel|Win32.Build.0 = MinSizeRel|Win32
		{AD7A5752-CD36-4478-AF32-A1E837DF529A}.RelWithDebInfo|Win32.ActiveCfg = RelWithDebInfo|Win32
		{AD7A5752-CD36-4478-AF32-A1E837DF529A}.RelWithDebInfo|Win32.Build.0 = RelWithDebInfo|Win32
		{83E3675D-5BF9-4BCD-A518-77CFE4589AB0}.Debug|Win32.ActiveCfg = Debug|Win32
		{83E3675D-5BF9-4BCD-A518-77CFE4589AB0}.Debug|Win32.Build.0 = Debug|Win32
		{83E3675D-5BF9-4BCD-A518-77CFE4589AB0}.Release|Win32.ActiveCfg = Release|Win32
		{83E3675D-5BF9-4BCD-A518-77CFE4589AB0}.Release|Win32.Build.0 = Release|Win32
		{83E3675D-5BF9-4BCD-A518-77CFE4589AB0}.MinSizeRel|Win32.ActiveCfg = MinSizeRel|Win32
		{83E3675D-5BF9-4BCD-A518-77CFE4589AB0}.MinSizeRel|Win32.Build.0 = MinSizeRel|Win32
		{83E3675D-5BF9-4BCD-A518-77CFE4589AB0}.RelWithDebInfo|Win32.ActiveCfg = RelWithDebInfo|Win32
		{83E3675D-5BF9-4BCD-A518-77CFE4589AB0}.RelWithDebInfo|Win32.Build.0 = RelWithDebInfo|Win32
	EndGlobalSection
	GlobalSection(ExtensibilityGlobals) = postSolution
	EndGlobalSection
	GlobalSection(ExtensibilityAddIns) = postSolution
	EndGlobalSection
EndGlobal
